
Microsoft Visual Studio Solution File, Format Version 12.00
# Visual Studio Version 17
VisualStudioVersion = 17.13.35931.197 d17.13
MinimumVisualStudioVersion = 10.0.40219.1
Project("{FAE04EC0-301F-11D3-BF4B-00C04F79EFBC}") = "FigurasGeometricas", "FigurasGeometricas\FigurasGeometricas.csproj", "{42A57A33-3DD1-4373-8375-D7BFFE7D00B3}"
EndProject
Global
	GlobalSection(SolutionConfigurationPlatforms) = preSolution
		Debug|Any CPU = Debug|Any CPU
		Release|Any CPU = Release|Any CPU
	EndGlobalSection
	GlobalSection(ProjectConfigurationPlatforms) = postSolution
		{42A57A33-3DD1-4373-8375-D7BFFE7D00B3}.Debug|Any CPU.ActiveCfg = Debug|Any CPU
		{42A57A33-3DD1-4373-8375-D7BFFE7D00B3}.Debug|Any CPU.Build.0 = Debug|Any CPU
		{42A57A33-3DD1-4373-8375-D7BFFE7D00B3}.Release|Any CPU.ActiveCfg = Release|Any CPU
		{42A57A33-3DD1-4373-8375-D7BFFE7D00B3}.Release|Any CPU.Build.0 = Release|Any CPU
	EndGlobalSection
	GlobalSection(SolutionProperties) = preSolution
		HideSolutionNode = FALSE
	EndGlobalSection
	GlobalSection(ExtensibilityGlobals) = postSolution
		SolutionGuid = {EAA5F028-592F-46C0-A785-A85C2A0E30E4}
	EndGlobalSection
EndGlobal
